// !$*UTF8*$!
{
	archiveVersion = 1;
	classes = {
	};
	objectVersion = 55;
	objects = {

/* Begin PBXBuildFile section */
		9DDFACB628070F900041A041 /* Tests_iOS.swift in Sources */ = {isa = PBXBuildFile; fileRef = 9DDFACB528070F900041A041 /* Tests_iOS.swift */; };
		9DDFACB828070F900041A041 /* Tests_iOSLaunchTests.swift in Sources */ = {isa = PBXBuildFile; fileRef = 9DDFACB728070F900041A041 /* Tests_iOSLaunchTests.swift */; };
		9DDFACC228070F900041A041 /* Tests_macOS.swift in Sources */ = {isa = PBXBuildFile; fileRef = 9DDFACC128070F900041A041 /* Tests_macOS.swift */; };
		9DDFACC428070F900041A041 /* Tests_macOSLaunchTests.swift in Sources */ = {isa = PBXBuildFile; fileRef = 9DDFACC328070F900041A041 /* Tests_macOSLaunchTests.swift */; };
		9DDFACC528070F900041A041 /* pocbitriseApp.swift in Sources */ = {isa = PBXBuildFile; fileRef = 9DDFAC9D28070F8E0041A041 /* pocbitriseApp.swift */; };
		9DDFACC628070F900041A041 /* pocbitriseApp.swift in Sources */ = {isa = PBXBuildFile; fileRef = 9DDFAC9D28070F8E0041A041 /* pocbitriseApp.swift */; };
		9DDFACC728070F900041A041 /* ContentView.swift in Sources */ = {isa = PBXBuildFile; fileRef = 9DDFAC9E28070F8E0041A041 /* ContentView.swift */; };
		9DDFACC828070F900041A041 /* ContentView.swift in Sources */ = {isa = PBXBuildFile; fileRef = 9DDFAC9E28070F8E0041A041 /* ContentView.swift */; };
		9DDFACC928070F900041A041 /* Assets.xcassets in Resources */ = {isa = PBXBuildFile; fileRef = 9DDFAC9F28070F900041A041 /* Assets.xcassets */; };
		9DDFACCA28070F900041A041 /* Assets.xcassets in Resources */ = {isa = PBXBuildFile; fileRef = 9DDFAC9F28070F900041A041 /* Assets.xcassets */; };
/* End PBXBuildFile section */

/* Begin PBXContainerItemProxy section */
		9DDFACB228070F900041A041 /* PBXContainerItemProxy */ = {
			isa = PBXContainerItemProxy;
			containerPortal = 9DDFAC9828070F8E0041A041 /* Project object */;
			proxyType = 1;
			remoteGlobalIDString = 9DDFACA328070F900041A041;
			remoteInfo = "pocbitrise (iOS)";
		};
		9DDFACBE28070F900041A041 /* PBXContainerItemProxy */ = {
			isa = PBXContainerItemProxy;
			containerPortal = 9DDFAC9828070F8E0041A041 /* Project object */;
			proxyType = 1;
			remoteGlobalIDString = 9DDFACA928070F900041A041;
			remoteInfo = "pocbitrise (macOS)";
		};
/* End PBXContainerItemProxy section */

/* Begin PBXFileReference section */
		9DDFAC9D28070F8E0041A041 /* pocbitriseApp.swift */ = {isa = PBXFileReference; lastKnownFileType = sourcecode.swift; path = pocbitriseApp.swift; sourceTree = "<group>"; };
		9DDFAC9E28070F8E0041A041 /* ContentView.swift */ = {isa = PBXFileReference; lastKnownFileType = sourcecode.swift; path = ContentView.swift; sourceTree = "<group>"; };
		9DDFAC9F28070F900041A041 /* Assets.xcassets */ = {isa = PBXFileReference; lastKnownFileType = folder.assetcatalog; path = Assets.xcassets; sourceTree = "<group>"; };
		9DDFACA428070F900041A041 /* pocbitrise.app */ = {isa = PBXFileReference; explicitFileType = wrapper.application; includeInIndex = 0; path = pocbitrise.app; sourceTree = BUILT_PRODUCTS_DIR; };
		9DDFACAA28070F900041A041 /* pocbitrise.app */ = {isa = PBXFileReference; explicitFileType = wrapper.application; includeInIndex = 0; path = pocbitrise.app; sourceTree = BUILT_PRODUCTS_DIR; };
		9DDFACAC28070F900041A041 /* macOS.entitlements */ = {isa = PBXFileReference; lastKnownFileType = text.plist.entitlements; path = macOS.entitlements; sourceTree = "<group>"; };
		9DDFACB128070F900041A041 /* Tests iOS.xctest */ = {isa = PBXFileReference; explicitFileType = wrapper.cfbundle; includeInIndex = 0; path = "Tests iOS.xctest"; sourceTree = BUILT_PRODUCTS_DIR; };
		9DDFACB528070F900041A041 /* Tests_iOS.swift */ = {isa = PBXFileReference; lastKnownFileType = sourcecode.swift; path = Tests_iOS.swift; sourceTree = "<group>"; };
		9DDFACB728070F900041A041 /* Tests_iOSLaunchTests.swift */ = {isa = PBXFileReference; lastKnownFileType = sourcecode.swift; path = Tests_iOSLaunchTests.swift; sourceTree = "<group>"; };
		9DDFACBD28070F900041A041 /* Tests macOS.xctest */ = {isa = PBXFileReference; explicitFileType = wrapper.cfbundle; includeInIndex = 0; path = "Tests macOS.xctest"; sourceTree = BUILT_PRODUCTS_DIR; };
		9DDFACC128070F900041A041 /* Tests_macOS.swift */ = {isa = PBXFileReference; lastKnownFileType = sourcecode.swift; path = Tests_macOS.swift; sourceTree = "<group>"; };
		9DDFACC328070F900041A041 /* Tests_macOSLaunchTests.swift */ = {isa = PBXFileReference; lastKnownFileType = sourcecode.swift; path = Tests_macOSLaunchTests.swift; sourceTree = "<group>"; };
/* End PBXFileReference section */

/* Begin PBXFrameworksBuildPhase section */
		9DDFACA128070F900041A041 /* Frameworks */ = {
			isa = PBXFrameworksBuildPhase;
			buildActionMask = 2147483647;
			files = (
			);
			runOnlyForDeploymentPostprocessing = 0;
		};
		9DDFACA728070F900041A041 /* Frameworks */ = {
			isa = PBXFrameworksBuildPhase;
			buildActionMask = 2147483647;
			files = (
			);
			runOnlyForDeploymentPostprocessing = 0;
		};
		9DDFACAE28070F900041A041 /* Frameworks */ = {
			isa = PBXFrameworksBuildPhase;
			buildActionMask = 2147483647;
			files = (
			);
			runOnlyForDeploymentPostprocessing = 0;
		};
		9DDFACBA28070F900041A041 /* Frameworks */ = {
			isa = PBXFrameworksBuildPhase;
			buildActionMask = 2147483647;
			files = (
			);
			runOnlyForDeploymentPostprocessing = 0;
		};
/* End PBXFrameworksBuildPhase section */

/* Begin PBXGroup section */
		9DDFAC9728070F8E0041A041 = {
			isa = PBXGroup;
			children = (
				9DDFAC9C28070F8E0041A041 /* Shared */,
				9DDFACAB28070F900041A041 /* macOS */,
				9DDFACB428070F900041A041 /* Tests iOS */,
				9DDFACC028070F900041A041 /* Tests macOS */,
				9DDFACA528070F900041A041 /* Products */,
			);
			sourceTree = "<group>";
		};
		9DDFAC9C28070F8E0041A041 /* Shared */ = {
			isa = PBXGroup;
			children = (
				9DDFAC9D28070F8E0041A041 /* pocbitriseApp.swift */,
				9DDFAC9E28070F8E0041A041 /* ContentView.swift */,
				9DDFAC9F28070F900041A041 /* Assets.xcassets */,
			);
			path = Shared;
			sourceTree = "<group>";
		};
		9DDFACA528070F900041A041 /* Products */ = {
			isa = PBXGroup;
			children = (
				9DDFACA428070F900041A041 /* pocbitrise.app */,
				9DDFACAA28070F900041A041 /* pocbitrise.app */,
				9DDFACB128070F900041A041 /* Tests iOS.xctest */,
				9DDFACBD28070F900041A041 /* Tests macOS.xctest */,
			);
			name = Products;
			sourceTree = "<group>";
		};
		9DDFACAB28070F900041A041 /* macOS */ = {
			isa = PBXGroup;
			children = (
				9DDFACAC28070F900041A041 /* macOS.entitlements */,
			);
			path = macOS;
			sourceTree = "<group>";
		};
		9DDFACB428070F900041A041 /* Tests iOS */ = {
			isa = PBXGroup;
			children = (
				9DDFACB528070F900041A041 /* Tests_iOS.swift */,
				9DDFACB728070F900041A041 /* Tests_iOSLaunchTests.swift */,
			);
			path = "Tests iOS";
			sourceTree = "<group>";
		};
		9DDFACC028070F900041A041 /* Tests macOS */ = {
			isa = PBXGroup;
			children = (
				9DDFACC128070F900041A041 /* Tests_macOS.swift */,
				9DDFACC328070F900041A041 /* Tests_macOSLaunchTests.swift */,
			);
			path = "Tests macOS";
			sourceTree = "<group>";
		};
/* End PBXGroup section */

/* Begin PBXNativeTarget section */
		9DDFACA328070F900041A041 /* pocbitrise (iOS) */ = {
			isa = PBXNativeTarget;
			buildConfigurationList = 9DDFACCD28070F900041A041 /* Build configuration list for PBXNativeTarget "pocbitrise (iOS)" */;
			buildPhases = (
				9DDFACA028070F900041A041 /* Sources */,
				9DDFACA128070F900041A041 /* Frameworks */,
				9DDFACA228070F900041A041 /* Resources */,
			);
			buildRules = (
			);
			dependencies = (
			);
			name = "pocbitrise (iOS)";
			productName = "pocbitrise (iOS)";
			productReference = 9DDFACA428070F900041A041 /* pocbitrise.app */;
			productType = "com.apple.product-type.application";
		};
		9DDFACA928070F900041A041 /* pocbitrise (macOS) */ = {
			isa = PBXNativeTarget;
			buildConfigurationList = 9DDFACD028070F900041A041 /* Build configuration list for PBXNativeTarget "pocbitrise (macOS)" */;
			buildPhases = (
				9DDFACA628070F900041A041 /* Sources */,
				9DDFACA728070F900041A041 /* Frameworks */,
				9DDFACA828070F900041A041 /* Resources */,
			);
			buildRules = (
			);
			dependencies = (
			);
			name = "pocbitrise (macOS)";
			productName = "pocbitrise (macOS)";
			productReference = 9DDFACAA28070F900041A041 /* pocbitrise.app */;
			productType = "com.apple.product-type.application";
		};
		9DDFACB028070F900041A041 /* Tests iOS */ = {
			isa = PBXNativeTarget;
			buildConfigurationList = 9DDFACD328070F900041A041 /* Build configuration list for PBXNativeTarget "Tests iOS" */;
			buildPhases = (
				9DDFACAD28070F900041A041 /* Sources */,
				9DDFACAE28070F900041A041 /* Frameworks */,
				9DDFACAF28070F900041A041 /* Resources */,
			);
			buildRules = (
			);
			dependencies = (
				9DDFACB328070F900041A041 /* PBXTargetDependency */,
			);
			name = "Tests iOS";
			productName = "Tests iOS";
			productReference = 9DDFACB128070F900041A041 /* Tests iOS.xctest */;
			productType = "com.apple.product-type.bundle.ui-testing";
		};
		9DDFACBC28070F900041A041 /* Tests macOS */ = {
			isa = PBXNativeTarget;
			buildConfigurationList = 9DDFACD628070F900041A041 /* Build configuration list for PBXNativeTarget "Tests macOS" */;
			buildPhases = (
				9DDFACB928070F900041A041 /* Sources */,
				9DDFACBA28070F900041A041 /* Frameworks */,
				9DDFACBB28070F900041A041 /* Resources */,
			);
			buildRules = (
			);
			dependencies = (
				9DDFACBF28070F900041A041 /* PBXTargetDependency */,
			);
			name = "Tests macOS";
			productName = "Tests macOS";
			productReference = 9DDFACBD28070F900041A041 /* Tests macOS.xctest */;
			productType = "com.apple.product-type.bundle.ui-testing";
		};
/* End PBXNativeTarget section */

/* Begin PBXProject section */
		9DDFAC9828070F8E0041A041 /* Project object */ = {
			isa = PBXProject;
			attributes = {
				BuildIndependentTargetsInParallel = 1;
				LastSwiftUpdateCheck = 1320;
				LastUpgradeCheck = 1320;
				TargetAttributes = {
					9DDFACA328070F900041A041 = {
						CreatedOnToolsVersion = 13.2.1;
					};
					9DDFACA928070F900041A041 = {
						CreatedOnToolsVersion = 13.2.1;
					};
					9DDFACB028070F900041A041 = {
						CreatedOnToolsVersion = 13.2.1;
						TestTargetID = 9DDFACA328070F900041A041;
					};
					9DDFACBC28070F900041A041 = {
						CreatedOnToolsVersion = 13.2.1;
						TestTargetID = 9DDFACA928070F900041A041;
					};
				};
			};
			buildConfigurationList = 9DDFAC9B28070F8E0041A041 /* Build configuration list for PBXProject "pocbitrise" */;
			compatibilityVersion = "Xcode 13.0";
			developmentRegion = en;
			hasScannedForEncodings = 0;
			knownRegions = (
				en,
				Base,
			);
			mainGroup = 9DDFAC9728070F8E0041A041;
			productRefGroup = 9DDFACA528070F900041A041 /* Products */;
			projectDirPath = "";
			projectRoot = "";
			targets = (
				9DDFACA328070F900041A041 /* pocbitrise (iOS) */,
				9DDFACA928070F900041A041 /* pocbitrise (macOS) */,
				9DDFACB028070F900041A041 /* Tests iOS */,
				9DDFACBC28070F900041A041 /* Tests macOS */,
			);
		};
/* End PBXProject section */

/* Begin PBXResourcesBuildPhase section */
		9DDFACA228070F900041A041 /* Resources */ = {
			isa = PBXResourcesBuildPhase;
			buildActionMask = 2147483647;
			files = (
				9DDFACC928070F900041A041 /* Assets.xcassets in Resources */,
			);
			runOnlyForDeploymentPostprocessing = 0;
		};
		9DDFACA828070F900041A041 /* Resources */ = {
			isa = PBXResourcesBuildPhase;
			buildActionMask = 2147483647;
			files = (
				9DDFACCA28070F900041A041 /* Assets.xcassets in Resources */,
			);
			runOnlyForDeploymentPostprocessing = 0;
		};
		9DDFACAF28070F900041A041 /* Resources */ = {
			isa = PBXResourcesBuildPhase;
			buildActionMask = 2147483647;
			files = (
			);
			runOnlyForDeploymentPostprocessing = 0;
		};
		9DDFACBB28070F900041A041 /* Resources */ = {
			isa = PBXResourcesBuildPhase;
			buildActionMask = 2147483647;
			files = (
			);
			runOnlyForDeploymentPostprocessing = 0;
		};
/* End PBXResourcesBuildPhase section */

/* Begin PBXSourcesBuildPhase section */
		9DDFACA028070F900041A041 /* Sources */ = {
			isa = PBXSourcesBuildPhase;
			buildActionMask = 2147483647;
			files = (
				9DDFACC728070F900041A041 /* ContentView.swift in Sources */,
				9DDFACC528070F900041A041 /* pocbitriseApp.swift in Sources */,
			);
			runOnlyForDeploymentPostprocessing = 0;
		};
		9DDFACA628070F900041A041 /* Sources */ = {
			isa = PBXSourcesBuildPhase;
			buildActionMask = 2147483647;
			files = (
				9DDFACC828070F900041A041 /* ContentView.swift in Sources */,
				9DDFACC628070F900041A041 /* pocbitriseApp.swift in Sources */,
			);
			runOnlyForDeploymentPostprocessing = 0;
		};
		9DDFACAD28070F900041A041 /* Sources */ = {
			isa = PBXSourcesBuildPhase;
			buildActionMask = 2147483647;
			files = (
				9DDFACB828070F900041A041 /* Tests_iOSLaunchTests.swift in Sources */,
				9DDFACB628070F900041A041 /* Tests_iOS.swift in Sources */,
			);
			runOnlyForDeploymentPostprocessing = 0;
		};
		9DDFACB928070F900041A041 /* Sources */ = {
			isa = PBXSourcesBuildPhase;
			buildActionMask = 2147483647;
			files = (
				9DDFACC428070F900041A041 /* Tests_macOSLaunchTests.swift in Sources */,
				9DDFACC228070F900041A041 /* Tests_macOS.swift in Sources */,
			);
			runOnlyForDeploymentPostprocessing = 0;
		};
/* End PBXSourcesBuildPhase section */

/* Begin PBXTargetDependency section */
		9DDFACB328070F900041A041 /* PBXTargetDependency */ = {
			isa = PBXTargetDependency;
			target = 9DDFACA328070F900041A041 /* pocbitrise (iOS) */;
			targetProxy = 9DDFACB228070F900041A041 /* PBXContainerItemProxy */;
		};
		9DDFACBF28070F900041A041 /* PBXTargetDependency */ = {
			isa = PBXTargetDependency;
			target = 9DDFACA928070F900041A041 /* pocbitrise (macOS) */;
			targetProxy = 9DDFACBE28070F900041A041 /* PBXContainerItemProxy */;
		};
/* End PBXTargetDependency section */

/* Begin XCBuildConfiguration section */
		9DDFACCB28070F900041A041 /* Debug */ = {
			isa = XCBuildConfiguration;
			buildSettings = {
				ALWAYS_SEARCH_USER_PATHS = NO;
				CLANG_ANALYZER_NONNULL = YES;
				CLANG_ANALYZER_NUMBER_OBJECT_CONVERSION = YES_AGGRESSIVE;
				CLANG_CXX_LANGUAGE_STANDARD = "gnu++17";
				CLANG_CXX_LIBRARY = "libc++";
				CLANG_ENABLE_MODULES = YES;
				CLANG_ENABLE_OBJC_ARC = YES;
				CLANG_ENABLE_OBJC_WEAK = YES;
				CLANG_WARN_BLOCK_CAPTURE_AUTORELEASING = YES;
				CLANG_WARN_BOOL_CONVERSION = YES;
				CLANG_WARN_COMMA = YES;
				CLANG_WARN_CONSTANT_CONVERSION = YES;
				CLANG_WARN_DEPRECATED_OBJC_IMPLEMENTATIONS = YES;
				CLANG_WARN_DIRECT_OBJC_ISA_USAGE = YES_ERROR;
				CLANG_WARN_DOCUMENTATION_COMMENTS = YES;
				CLANG_WARN_EMPTY_BODY = YES;
				CLANG_WARN_ENUM_CONVERSION = YES;
				CLANG_WARN_INFINITE_RECURSION = YES;
				CLANG_WARN_INT_CONVERSION = YES;
				CLANG_WARN_NON_LITERAL_NULL_CONVERSION = YES;
				CLANG_WARN_OBJC_IMPLICIT_RETAIN_SELF = YES;
				CLANG_WARN_OBJC_LITERAL_CONVERSION = YES;
				CLANG_WARN_OBJC_ROOT_CLASS = YES_ERROR;
				CLANG_WARN_QUOTED_INCLUDE_IN_FRAMEWORK_HEADER = YES;
				CLANG_WARN_RANGE_LOOP_ANALYSIS = YES;
				CLANG_WARN_STRICT_PROTOTYPES = YES;
				CLANG_WARN_SUSPICIOUS_MOVE = YES;
				CLANG_WARN_UNGUARDED_AVAILABILITY = YES_AGGRESSIVE;
				CLANG_WARN_UNREACHABLE_CODE = YES;
				CLANG_WARN__DUPLICATE_METHOD_MATCH = YES;
				COPY_PHASE_STRIP = NO;
				DEBUG_INFORMATION_FORMAT = dwarf;
				ENABLE_STRICT_OBJC_MSGSEND = YES;
				ENABLE_TESTABILITY = YES;
				GCC_C_LANGUAGE_STANDARD = gnu11;
				GCC_DYNAMIC_NO_PIC = NO;
				GCC_NO_COMMON_BLOCKS = YES;
				GCC_OPTIMIZATION_LEVEL = 0;
				GCC_PREPROCESSOR_DEFINITIONS = (
					"DEBUG=1",
					"$(inherited)",
				);
				GCC_WARN_64_TO_32_BIT_CONVERSION = YES;
				GCC_WARN_ABOUT_RETURN_TYPE = YES_ERROR;
				GCC_WARN_UNDECLARED_SELECTOR = YES;
				GCC_WARN_UNINITIALIZED_AUTOS = YES_AGGRESSIVE;
				GCC_WARN_UNUSED_FUNCTION = YES;
				GCC_WARN_UNUSED_VARIABLE = YES;
				MTL_ENABLE_DEBUG_INFO = INCLUDE_SOURCE;
				MTL_FAST_MATH = YES;
				ONLY_ACTIVE_ARCH = YES;
				SWIFT_ACTIVE_COMPILATION_CONDITIONS = DEBUG;
				SWIFT_OPTIMIZATION_LEVEL = "-Onone";
			};
			name = Debug;
		};
		9DDFACCC28070F900041A041 /* Release */ = {
			isa = XCBuildConfiguration;
			buildSettings = {
				ALWAYS_SEARCH_USER_PATHS = NO;
				CLANG_ANALYZER_NONNULL = YES;
				CLANG_ANALYZER_NUMBER_OBJECT_CONVERSION = YES_AGGRESSIVE;
				CLANG_CXX_LANGUAGE_STANDARD = "gnu++17";
				CLANG_CXX_LIBRARY = "libc++";
				CLANG_ENABLE_MODULES = YES;
				CLANG_ENABLE_OBJC_ARC = YES;
				CLANG_ENABLE_OBJC_WEAK = YES;
				CLANG_WARN_BLOCK_CAPTURE_AUTORELEASING = YES;
				CLANG_WARN_BOOL_CONVERSION = YES;
				CLANG_WARN_COMMA = YES;
				CLANG_WARN_CONSTANT_CONVERSION = YES;
				CLANG_WARN_DEPRECATED_OBJC_IMPLEMENTATIONS = YES;
				CLANG_WARN_DIRECT_OBJC_ISA_USAGE = YES_ERROR;
				CLANG_WARN_DOCUMENTATION_COMMENTS = YES;
				CLANG_WARN_EMPTY_BODY = YES;
				CLANG_WARN_ENUM_CONVERSION = YES;
				CLANG_WARN_INFINITE_RECURSION = YES;
				CLANG_WARN_INT_CONVERSION = YES;
				CLANG_WARN_NON_LITERAL_NULL_CONVERSION = YES;
				CLANG_WARN_OBJC_IMPLICIT_RETAIN_SELF = YES;
				CLANG_WARN_OBJC_LITERAL_CONVERSION = YES;
				CLANG_WARN_OBJC_ROOT_CLASS = YES_ERROR;
				CLANG_WARN_QUOTED_INCLUDE_IN_FRAMEWORK_HEADER = YES;
				CLANG_WARN_RANGE_LOOP_ANALYSIS = YES;
				CLANG_WARN_STRICT_PROTOTYPES = YES;
				CLANG_WARN_SUSPICIOUS_MOVE = YES;
				CLANG_WARN_UNGUARDED_AVAILABILITY = YES_AGGRESSIVE;
				CLANG_WARN_UNREACHABLE_CODE = YES;
				CLANG_WARN__DUPLICATE_METHOD_MATCH = YES;
				COPY_PHASE_STRIP = NO;
				DEBUG_INFORMATION_FORMAT = "dwarf-with-dsym";
				ENABLE_NS_ASSERTIONS = NO;
				ENABLE_STRICT_OBJC_MSGSEND = YES;
				GCC_C_LANGUAGE_STANDARD = gnu11;
				GCC_NO_COMMON_BLOCKS = YES;
				GCC_WARN_64_TO_32_BIT_CONVERSION = YES;
				GCC_WARN_ABOUT_RETURN_TYPE = YES_ERROR;
				GCC_WARN_UNDECLARED_SELECTOR = YES;
				GCC_WARN_UNINITIALIZED_AUTOS = YES_AGGRESSIVE;
				GCC_WARN_UNUSED_FUNCTION = YES;
				GCC_WARN_UNUSED_VARIABLE = YES;
				MTL_ENABLE_DEBUG_INFO = NO;
				MTL_FAST_MATH = YES;
				SWIFT_COMPILATION_MODE = wholemodule;
				SWIFT_OPTIMIZATION_LEVEL = "-O";
			};
			name = Release;
		};
		9DDFACCE28070F900041A041 /* Debug */ = {
			isa = XCBuildConfiguration;
			buildSettings = {
				ASSETCATALOG_COMPILER_APPICON_NAME = AppIcon;
				ASSETCATALOG_COMPILER_GLOBAL_ACCENT_COLOR_NAME = AccentColor;
				CODE_SIGN_STYLE = Automatic;
				CURRENT_PROJECT_VERSION = 1;
				ENABLE_PREVIEWS = YES;
				GENERATE_INFOPLIST_FILE = YES;
				INFOPLIST_KEY_UIApplicationSceneManifest_Generation = YES;
				INFOPLIST_KEY_UIApplicationSupportsIndirectInputEvents = YES;
				INFOPLIST_KEY_UILaunchScreen_Generation = YES;
				INFOPLIST_KEY_UISupportedInterfaceOrientations_iPad = "UIInterfaceOrientationPortrait UIInterfaceOrientationPortraitUpsideDown UIInterfaceOrientationLandscapeLeft UIInterfaceOrientationLandscapeRight";
				INFOPLIST_KEY_UISupportedInterfaceOrientations_iPhone = "UIInterfaceOrientationPortrait UIInterfaceOrientationLandscapeLeft UIInterfaceOrientationLandscapeRight";
				IPHONEOS_DEPLOYMENT_TARGET = 15.2;
				LD_RUNPATH_SEARCH_PATHS = (
					"$(inherited)",
					"@executable_path/Frameworks",
				);
				MARKETING_VERSION = 1.0;
				PRODUCT_BUNDLE_IDENTIFIER = br.com.demo.pocbitrise;
				PRODUCT_NAME = pocbitrise;
				SDKROOT = iphoneos;
				SWIFT_EMIT_LOC_STRINGS = YES;
				SWIFT_VERSION = 5.0;
				TARGETED_DEVICE_FAMILY = "1,2";
			};
			name = Debug;
		};
		9DDFACCF28070F900041A041 /* Release */ = {
			isa = XCBuildConfiguration;
			buildSettings = {
				ASSETCATALOG_COMPILER_APPICON_NAME = AppIcon;
				ASSETCATALOG_COMPILER_GLOBAL_ACCENT_COLOR_NAME = AccentColor;
				CODE_SIGN_STYLE = Automatic;
				CURRENT_PROJECT_VERSION = 1;
				ENABLE_PREVIEWS = YES;
				GENERATE_INFOPLIST_FILE = YES;
				INFOPLIST_KEY_UIApplicationSceneManifest_Generation = YES;
				INFOPLIST_KEY_UIApplicationSupportsIndirectInputEvents = YES;
				INFOPLIST_KEY_UILaunchScreen_Generation = YES;
				INFOPLIST_KEY_UISupportedInterfaceOrientations_iPad = "UIInterfaceOrientationPortrait UIInterfaceOrientationPortraitUpsideDown UIInterfaceOrientationLandscapeLeft UIInterfaceOrientationLandscapeRight";
				INFOPLIST_KEY_UISupportedInterfaceOrientations_iPhone = "UIInterfaceOrientationPortrait UIInterfaceOrientationLandscapeLeft UIInterfaceOrientationLandscapeRight";
				IPHONEOS_DEPLOYMENT_TARGET = 15.2;
				LD_RUNPATH_SEARCH_PATHS = (
					"$(inherited)",
					"@executable_path/Frameworks",
				);
				MARKETING_VERSION = 1.0;
				PRODUCT_BUNDLE_IDENTIFIER = br.com.demo.pocbitrise;
				PRODUCT_NAME = pocbitrise;
				SDKROOT = iphoneos;
				SWIFT_EMIT_LOC_STRINGS = YES;
				SWIFT_VERSION = 5.0;
				TARGETED_DEVICE_FAMILY = "1,2";
				VALIDATE_PRODUCT = YES;
			};
			name = Release;
		};
		9DDFACD128070F900041A041 /* Debug */ = {
			isa = XCBuildConfiguration;
			buildSettings = {
				ASSETCATALOG_COMPILER_APPICON_NAME = AppIcon;
				ASSETCATALOG_COMPILER_GLOBAL_ACCENT_COLOR_NAME = AccentColor;
				CODE_SIGN_ENTITLEMENTS = macOS/macOS.entitlements;
				CODE_SIGN_STYLE = Automatic;
				COMBINE_HIDPI_IMAGES = YES;
				CURRENT_PROJECT_VERSION = 1;
				ENABLE_PREVIEWS = YES;
				GENERATE_INFOPLIST_FILE = YES;
				INFOPLIST_KEY_NSHumanReadableCopyright = "";
				LD_RUNPATH_SEARCH_PATHS = (
					"$(inherited)",
					"@executable_path/../Frameworks",
				);
				MACOSX_DEPLOYMENT_TARGET = 12.1;
				MARKETING_VERSION = 1.0;
				PRODUCT_BUNDLE_IDENTIFIER = br.com.demo.pocbitrise;
				PRODUCT_NAME = pocbitrise;
				SDKROOT = macosx;
				SWIFT_EMIT_LOC_STRINGS = YES;
				SWIFT_VERSION = 5.0;
			};
			name = Debug;
		};
		9DDFACD228070F900041A041 /* Release */ = {
			isa = XCBuildConfiguration;
			buildSettings = {
				ASSETCATALOG_COMPILER_APPICON_NAME = AppIcon;
				ASSETCATALOG_COMPILER_GLOBAL_ACCENT_COLOR_NAME = AccentColor;
				CODE_SIGN_ENTITLEMENTS = macOS/macOS.entitlements;
				CODE_SIGN_STYLE = Automatic;
				COMBINE_HIDPI_IMAGES = YES;
				CURRENT_PROJECT_VERSION = 1;
				ENABLE_PREVIEWS = YES;
				GENERATE_INFOPLIST_FILE = YES;
				INFOPLIST_KEY_NSHumanReadableCopyright = "";
				LD_RUNPATH_SEARCH_PATHS = (
					"$(inherited)",
					"@executable_path/../Frameworks",
				);
				MACOSX_DEPLOYMENT_TARGET = 12.1;
				MARKETING_VERSION = 1.0;
				PRODUCT_BUNDLE_IDENTIFIER = br.com.demo.pocbitrise;
				PRODUCT_NAME = pocbitrise;
				SDKROOT = macosx;
				SWIFT_EMIT_LOC_STRINGS = YES;
				SWIFT_VERSION = 5.0;
			};
			name = Release;
		};
		9DDFACD428070F900041A041 /* Debug */ = {
			isa = XCBuildConfiguration;
			buildSettings = {
				ALWAYS_EMBED_SWIFT_STANDARD_LIBRARIES = YES;
				CODE_SIGN_STYLE = Automatic;
				CURRENT_PROJECT_VERSION = 1;
				GENERATE_INFOPLIST_FILE = YES;
				IPHONEOS_DEPLOYMENT_TARGET = 15.2;
				MARKETING_VERSION = 1.0;
				PRODUCT_BUNDLE_IDENTIFIER = "br.com.demo.Tests-iOS";
				PRODUCT_NAME = "$(TARGET_NAME)";
				SDKROOT = iphoneos;
				SWIFT_EMIT_LOC_STRINGS = NO;
				SWIFT_VERSION = 5.0;
				TARGETED_DEVICE_FAMILY = "1,2";
				TEST_TARGET_NAME = "pocbitrise (iOS)";
			};
			name = Debug;
		};
		9DDFACD528070F900041A041 /* Release */ = {
			isa = XCBuildConfiguration;
			buildSettings = {
				ALWAYS_EMBED_SWIFT_STANDARD_LIBRARIES = YES;
				CODE_SIGN_STYLE = Automatic;
				CURRENT_PROJECT_VERSION = 1;
				GENERATE_INFOPLIST_FILE = YES;
				IPHONEOS_DEPLOYMENT_TARGET = 15.2;
				MARKETING_VERSION = 1.0;
				PRODUCT_BUNDLE_IDENTIFIER = "br.com.demo.Tests-iOS";
				PRODUCT_NAME = "$(TARGET_NAME)";
				SDKROOT = iphoneos;
				SWIFT_EMIT_LOC_STRINGS = NO;
				SWIFT_VERSION = 5.0;
				TARGETED_DEVICE_FAMILY = "1,2";
				TEST_TARGET_NAME = "pocbitrise (iOS)";
				VALIDATE_PRODUCT = YES;
			};
			name = Release;
		};
		9DDFACD728070F900041A041 /* Debug */ = {
			isa = XCBuildConfiguration;
			buildSettings = {
				ALWAYS_EMBED_SWIFT_STANDARD_LIBRARIES = YES;
				CODE_SIGN_STYLE = Automatic;
				CURRENT_PROJECT_VERSION = 1;
				GENERATE_INFOPLIST_FILE = YES;
				MACOSX_DEPLOYMENT_TARGET = 12.1;
				MARKETING_VERSION = 1.0;
				PRODUCT_BUNDLE_IDENTIFIER = "br.com.demo.Tests-macOS";
				PRODUCT_NAME = "$(TARGET_NAME)";
				SDKROOT = macosx;
				SWIFT_EMIT_LOC_STRINGS = NO;
				SWIFT_VERSION = 5.0;
				TEST_TARGET_NAME = "pocbitrise (macOS)";
			};
			name = Debug;
		};
		9DDFACD828070F900041A041 /* Release */ = {
			isa = XCBuildConfiguration;
			buildSettings = {
				ALWAYS_EMBED_SWIFT_STANDARD_LIBRARIES = YES;
				CODE_SIGN_STYLE = Automatic;
				CURRENT_PROJECT_VERSION = 1;
				GENERATE_INFOPLIST_FILE = YES;
				MACOSX_DEPLOYMENT_TARGET = 12.1;
				MARKETING_VERSION = 1.0;
				PRODUCT_BUNDLE_IDENTIFIER = "br.com.demo.Tests-macOS";
				PRODUCT_NAME = "$(TARGET_NAME)";
				SDKROOT = macosx;
				SWIFT_EMIT_LOC_STRINGS = NO;
				SWIFT_VERSION = 5.0;
				TEST_TARGET_NAME = "pocbitrise (macOS)";
			};
			name = Release;
		};
/* End XCBuildConfiguration section */

/* Begin XCConfigurationList section */
		9DDFAC9B28070F8E0041A041 /* Build configuration list for PBXProject "pocbitrise" */ = {
			isa = XCConfigurationList;
			buildConfigurations = (
				9DDFACCB28070F900041A041 /* Debug */,
				9DDFACCC28070F900041A041 /* Release */,
			);
			defaultConfigurationIsVisible = 0;
			defaultConfigurationName = Release;
		};
		9DDFACCD28070F900041A041 /* Build configuration list for PBXNativeTarget "pocbitrise (iOS)" */ = {
			isa = XCConfigurationList;
			buildConfigurations = (
				9DDFACCE28070F900041A041 /* Debug */,
				9DDFACCF28070F900041A041 /* Release */,
			);
			defaultConfigurationIsVisible = 0;
			defaultConfigurationName = Release;
		};
		9DDFACD028070F900041A041 /* Build configuration list for PBXNativeTarget "pocbitrise (macOS)" */ = {
			isa = XCConfigurationList;
			buildConfigurations = (
				9DDFACD128070F900041A041 /* Debug */,
				9DDFACD228070F900041A041 /* Release */,
			);
			defaultConfigurationIsVisible = 0;
			defaultConfigurationName = Release;
		};
		9DDFACD328070F900041A041 /* Build configuration list for PBXNativeTarget "Tests iOS" */ = {
			isa = XCConfigurationList;
			buildConfigurations = (
				9DDFACD428070F900041A041 /* Debug */,
				9DDFACD528070F900041A041 /* Release */,
			);
			defaultConfigurationIsVisible = 0;
			defaultConfigurationName = Release;
		};
		9DDFACD628070F900041A041 /* Build configuration list for PBXNativeTarget "Tests macOS" */ = {
			isa = XCConfigurationList;
			buildConfigurations = (
				9DDFACD728070F900041A041 /* Debug */,
				9DDFACD828070F900041A041 /* Release */,
			);
			defaultConfigurationIsVisible = 0;
			defaultConfigurationName = Release;
		};
/* End XCConfigurationList section */
	};
	rootObject = 9DDFAC9828070F8E0041A041 /* Project object */;
}
